github.com/juangarri93/learn-go-course-dependency v0.0.0-20250126134505-064b74e7bb1b h1:fbNdPt7t/tQUdBr0pInvUqwVNQbguERdiqqLVU52Sak=
github.com/juangarri93/learn-go-course-dependency v0.0.0-20250126134505-064b74e7bb1b/go.mod h1:tMPQLOqG6+AQKXBKVkJct9XvnjdrgQiOeU4f7rOQNhU=
github.com/juangarri93/learn-go-course-dependency v1.1.0 h1:rN+AXirW93sCmsznhvO7VAJWMzbnCDmgh+/zGrwVeKA=
github.com/juangarri93/learn-go-course-dependency v1.1.0/go.mod h1:tMPQLOqG6+AQKXBKVkJct9XvnjdrgQiOeU4f7rOQNhU=
